github.com/hashicorp/yamux v0.1.1 h1:yrQxtgseBDrq9Y652vSRDvsKCJKOUD+GzTS4Y0Y8pvE=
github.com/hashicorp/yamux v0.1.1/go.mod h1:CtWFDAQgb7dxtzFs4tWbplKIe2jSi3+5vKbgIO0SLnQ=
github.com/sagernet/sing v0.1.8/go.mod h1:jt1w2u7lJQFFSGLiRrRIs5YWmx4kAPfWuOejuDW9qMk=
github.com/sagernet/sing v0.2.5-0.20230423085534-0902e6216207 h1:+dDVjW20IT+e8maKryaDeRY2+RFmTFdrQeIzqE2WOss=
github.com/sagernet/sing v0.2.5-0.20230423085534-0902e6216207/go.mod h1:Ta8nHnDLAwqySzKhGoKk4ZIB+vJ3GTKj7UPrWYvM+4w=
github.com/sagernet/smux v0.0.0-20230312102458-337ec2a5af37 h1:HuE6xSwco/Xed8ajZ+coeYLmioq0Qp1/Z2zczFaV8as=
github.com/sagernet/smux v0.0.0-20230312102458-337ec2a5af37/go.mod h1:3skNSftZDJWTGVtVaM2jfbce8qHnmH/AGDRe62iNOg0=
golang.org/x/net v0.9.0 h1:aWJ/m6xSmxWBx+V0XRHTlrYrPG56jKsLdTFmsSsCzOM=
golang.org/x/net v0.9.0/go.mod h1:d48xBJpPfHeWQsugry2m+kC02ZBRGRgulfHnEXEuWns=
golang.org/x/sys v0.5.0/go.mod h1:oPkhp1MJrh7nUepCBck5+mAzfO9JrbApNNgaTdGDITg=
golang.org/x/sys v0.7.0 h1:3jlCCIQZPdOYu1h8BkNvLz8Kgwtae2cagcG/VamtZRU=
golang.org/x/sys v0.7.0/go.mod h1:oPkhp1MJrh7nUepCBck5+mAzfO9JrbApNNgaTdGDITg=
golang.org/x/text v0.9.0 h1:2sjJmO8cDvYveuX97RDLsxlyUxLl+GHoLxBiRdHllBE=
golang.org/x/text v0.9.0/go.mod h1:e1OnstbJyHTd6l/uOt8jFFHp6TRDWZR/bV3emEE/zU8=
